
Microsoft Visual Studio Solution File, Format Version 12.00
# Visual Studio Version 17
VisualStudioVersion = 17.9.34701.34
MinimumVisualStudioVersion = 10.0.40219.1
Project("{FAE04EC0-301F-11D3-BF4B-00C04F79EFBC}") = "Chatify", "Chatify\Chatify.csproj", "{64CFA84E-F9BD-414B-B9BA-99D8AEF5E26C}"
EndProject
Project("{54435603-DBB4-11D2-8724-00A0C9A8B90C}") = "Setup", "Setup\Setup.vdproj", "{0B62CAD8-157F-478B-95D7-102B18334ED1}"
EndProject
Global
	GlobalSection(SolutionConfigurationPlatforms) = preSolution
		Debug|Any CPU = Debug|Any CPU
		Release|Any CPU = Release|Any CPU
	EndGlobalSection
	GlobalSection(ProjectConfigurationPlatforms) = postSolution
		{64CFA84E-F9BD-414B-B9BA-99D8AEF5E26C}.Debug|Any CPU.ActiveCfg = Debug|Any CPU
		{64CFA84E-F9BD-414B-B9BA-99D8AEF5E26C}.Debug|Any CPU.Build.0 = Debug|Any CPU
		{64CFA84E-F9BD-414B-B9BA-99D8AEF5E26C}.Release|Any CPU.ActiveCfg = Release|Any CPU
		{64CFA84E-F9BD-414B-B9BA-99D8AEF5E26C}.Release|Any CPU.Build.0 = Release|Any CPU
		{0B62CAD8-157F-478B-95D7-102B18334ED1}.Debug|Any CPU.ActiveCfg = Debug
		{0B62CAD8-157F-478B-95D7-102B18334ED1}.Release|Any CPU.ActiveCfg = Release
	EndGlobalSection
	GlobalSection(SolutionProperties) = preSolution
		HideSolutionNode = FALSE
	EndGlobalSection
	GlobalSection(ExtensibilityGlobals) = postSolution
		SolutionGuid = {A480125E-9D16-471B-8FCD-13274005F86A}
	EndGlobalSection
EndGlobal
